
Microsoft Visual Studio Solution File, Format Version 12.00
# Visual Studio Version 17
VisualStudioVersion = 17.7.34024.191
MinimumVisualStudioVersion = 10.0.40219.1
Project("{FAE04EC0-301F-11D3-BF4B-00C04F79EFBC}") = "WP_A03", "WP_A03\WP_A03.csproj", "{D24EC32B-8A64-4B6F-82B1-98857645792A}"
EndProject
Global
	GlobalSection(SolutionConfigurationPlatforms) = preSolution
		Debug|Any CPU = Debug|Any CPU
		Release|Any CPU = Release|Any CPU
	EndGlobalSection
	GlobalSection(ProjectConfigurationPlatforms) = postSolution
		{D24EC32B-8A64-4B6F-82B1-98857645792A}.Debug|Any CPU.ActiveCfg = Debug|Any CPU
		{D24EC32B-8A64-4B6F-82B1-98857645792A}.Debug|Any CPU.Build.0 = Debug|Any CPU
		{D24EC32B-8A64-4B6F-82B1-98857645792A}.Release|Any CPU.ActiveCfg = Release|Any CPU
		{D24EC32B-8A64-4B6F-82B1-98857645792A}.Release|Any CPU.Build.0 = Release|Any CPU
	EndGlobalSection
	GlobalSection(SolutionProperties) = preSolution
		HideSolutionNode = FALSE
	EndGlobalSection
	GlobalSection(ExtensibilityGlobals) = postSolution
		SolutionGuid = {CE1AFD69-8A3E-42BC-AFA8-1236F54E2B1B}
	EndGlobalSection
EndGlobal
